Microsoft Visual Studio Solution File, Format Version 12.00
# Visual Studio 2012
Project("{FAE04EC0-301F-11D3-BF4B-00C04F79EFBC}") = "SynthID", "SynthID.csproj", "{EE03A03A-8345-4597-9426-8C0E1D30B149}"
EndProject
Global
	GlobalSection(SolutionConfigurationPlatforms) = preSolution
	Debug|Any CPU = Debug|Any CPU
	ExportDebug|Any CPU = ExportDebug|Any CPU
	ExportRelease|Any CPU = ExportRelease|Any CPU
	EndGlobalSection
	GlobalSection(ProjectConfigurationPlatforms) = postSolution
		{EE03A03A-8345-4597-9426-8C0E1D30B149}.Debug|Any CPU.ActiveCfg = Debug|Any CPU
		{EE03A03A-8345-4597-9426-8C0E1D30B149}.Debug|Any CPU.Build.0 = Debug|Any CPU
		{EE03A03A-8345-4597-9426-8C0E1D30B149}.ExportDebug|Any CPU.ActiveCfg = ExportDebug|Any CPU
		{EE03A03A-8345-4597-9426-8C0E1D30B149}.ExportDebug|Any CPU.Build.0 = ExportDebug|Any CPU
		{EE03A03A-8345-4597-9426-8C0E1D30B149}.ExportRelease|Any CPU.ActiveCfg = ExportRelease|Any CPU
		{EE03A03A-8345-4597-9426-8C0E1D30B149}.ExportRelease|Any CPU.Build.0 = ExportRelease|Any CPU
	EndGlobalSection
EndGlobal
